// !$*UTF8*$!
{
	archiveVersion = 1;
	classes = {
	};
	objectVersion = 56;
	objects = {

/* Begin PBXBuildFile section */
		8403DE4A2AA3AB140076616C /* TTGTags in Frameworks */ = {isa = PBXBuildFile; productRef = 8403DE492AA3AB140076616C /* TTGTags */; };
		8403DE4C2AA3CA550076616C /* RoomDetailsView.swift in Sources */ = {isa = PBXBuildFile; fileRef = 8403DE4B2AA3CA550076616C /* RoomDetailsView.swift */; };
		8403DE4F2AA3E02E0076616C /* DetailsTableViewCell.swift in Sources */ = {isa = PBXBuildFile; fileRef = 8403DE4E2AA3E02E0076616C /* DetailsTableViewCell.swift */; };
		8403DE512AA3E2620076616C /* DetailsCellModel.swift in Sources */ = {isa = PBXBuildFile; fileRef = 8403DE502AA3E2620076616C /* DetailsCellModel.swift */; };
		840C0DDB2AA2773F008BF228 /* CollapsibleTableViewHeader.swift in Sources */ = {isa = PBXBuildFile; fileRef = 840C0DDA2AA2773F008BF228 /* CollapsibleTableViewHeader.swift */; };
		840C0DDD2AA28E36008BF228 /* TableViewAdjustedHeight.swift in Sources */ = {isa = PBXBuildFile; fileRef = 840C0DDC2AA28E36008BF228 /* TableViewAdjustedHeight.swift */; };
		840D7D712AA4E51A006C5BC1 /* CarouselCell.swift in Sources */ = {isa = PBXBuildFile; fileRef = 840D7D702AA4E51A006C5BC1 /* CarouselCell.swift */; };
		840D7D732AA4E57F006C5BC1 /* CarouselView.swift in Sources */ = {isa = PBXBuildFile; fileRef = 840D7D722AA4E57F006C5BC1 /* CarouselView.swift */; };
		840D7D792AA51EB3006C5BC1 /* BookingInfoView.swift in Sources */ = {isa = PBXBuildFile; fileRef = 840D7D782AA51EB3006C5BC1 /* BookingInfoView.swift */; };
		840D7D7B2AA529A6006C5BC1 /* ContactInfoView.swift in Sources */ = {isa = PBXBuildFile; fileRef = 840D7D7A2AA529A6006C5BC1 /* ContactInfoView.swift */; };
		840D7D7F2AA52D4E006C5BC1 /* PaymentInfoView.swift in Sources */ = {isa = PBXBuildFile; fileRef = 840D7D7E2AA52D4E006C5BC1 /* PaymentInfoView.swift */; };
		84226C512AA1DBCA00865D4B /* AppCoordinator.swift in Sources */ = {isa = PBXBuildFile; fileRef = 84226C502AA1DBCA00865D4B /* AppCoordinator.swift */; };
		84226C5A2AA22B5500865D4B /* String.swift in Sources */ = {isa = PBXBuildFile; fileRef = 84226C592AA22B5500865D4B /* String.swift */; };
		84226C5C2AA23BE100865D4B /* Section.swift in Sources */ = {isa = PBXBuildFile; fileRef = 84226C5B2AA23BE100865D4B /* Section.swift */; };
		84226C602AA2401800865D4B /* InputTableViewCell.swift in Sources */ = {isa = PBXBuildFile; fileRef = 84226C5F2AA2401800865D4B /* InputTableViewCell.swift */; };
		847121BD2AA10428001D06BA /* RoomModel.swift in Sources */ = {isa = PBXBuildFile; fileRef = 847121BC2AA10428001D06BA /* RoomModel.swift */; };
		847121C02AA105FA001D06BA /* RoomTableViewCell.swift in Sources */ = {isa = PBXBuildFile; fileRef = 847121BF2AA105FA001D06BA /* RoomTableViewCell.swift */; };
		847121C22AA12A5C001D06BA /* BookingInfoViewController.swift in Sources */ = {isa = PBXBuildFile; fileRef = 847121C12AA12A5C001D06BA /* BookingInfoViewController.swift */; };
		847121C42AA12A69001D06BA /* BookingInfoViewModel.swift in Sources */ = {isa = PBXBuildFile; fileRef = 847121C32AA12A69001D06BA /* BookingInfoViewModel.swift */; };
		847121C62AA12ACB001D06BA /* BookingInfoCoordinator.swift in Sources */ = {isa = PBXBuildFile; fileRef = 847121C52AA12ACB001D06BA /* BookingInfoCoordinator.swift */; };
		847121C82AA12CCA001D06BA /* BookingModel.swift in Sources */ = {isa = PBXBuildFile; fileRef = 847121C72AA12CCA001D06BA /* BookingModel.swift */; };
		847121CA2AA131BB001D06BA /* SuccessScreenCoordinator.swift in Sources */ = {isa = PBXBuildFile; fileRef = 847121C92AA131BB001D06BA /* SuccessScreenCoordinator.swift */; };
		847121CC2AA13208001D06BA /* SuccessScreenViewController.swift in Sources */ = {isa = PBXBuildFile; fileRef = 847121CB2AA13208001D06BA /* SuccessScreenViewController.swift */; };
		847121CE2AA13211001D06BA /* SuccessScreenViewModel.swift in Sources */ = {isa = PBXBuildFile; fileRef = 847121CD2AA13211001D06BA /* SuccessScreenViewModel.swift */; };
		847121D12AA13629001D06BA /* HotelInfoView.swift in Sources */ = {isa = PBXBuildFile; fileRef = 847121D02AA13629001D06BA /* HotelInfoView.swift */; };
		849671C72AA094B5002A5D90 /* UILabel.swift in Sources */ = {isa = PBXBuildFile; fileRef = 849671C62AA094B5002A5D90 /* UILabel.swift */; };
		849671C92AA09895002A5D90 /* Int.swift in Sources */ = {isa = PBXBuildFile; fileRef = 849671C82AA09895002A5D90 /* Int.swift */; };
		849671CD2AA0A804002A5D90 /* HotelDescriptionView.swift in Sources */ = {isa = PBXBuildFile; fileRef = 849671CC2AA0A804002A5D90 /* HotelDescriptionView.swift */; };
		84CBC83C2A9FAA5900F4F0ED /* AppDelegate.swift in Sources */ = {isa = PBXBuildFile; fileRef = 84CBC83B2A9FAA5900F4F0ED /* AppDelegate.swift */; };
		84CBC83E2A9FAA5900F4F0ED /* SceneDelegate.swift in Sources */ = {isa = PBXBuildFile; fileRef = 84CBC83D2A9FAA5900F4F0ED /* SceneDelegate.swift */; };
		84CBC8402A9FAA5900F4F0ED /* HotelInfoViewController.swift in Sources */ = {isa = PBXBuildFile; fileRef = 84CBC83F2A9FAA5900F4F0ED /* HotelInfoViewController.swift */; };
		84CBC8452A9FAA5A00F4F0ED /* Assets.xcassets in Resources */ = {isa = PBXBuildFile; fileRef = 84CBC8442A9FAA5A00F4F0ED /* Assets.xcassets */; };
		84CBC8502A9FAD2500F4F0ED /* Coordinator.swift in Sources */ = {isa = PBXBuildFile; fileRef = 84CBC84F2A9FAD2500F4F0ED /* Coordinator.swift */; };
		84CBC8522A9FAFE500F4F0ED /* HotelInfoCoordinator.swift in Sources */ = {isa = PBXBuildFile; fileRef = 84CBC8512A9FAFE500F4F0ED /* HotelInfoCoordinator.swift */; };
		84CBC8552A9FB3A200F4F0ED /* SnapKit in Frameworks */ = {isa = PBXBuildFile; productRef = 84CBC8542A9FB3A200F4F0ED /* SnapKit */; };
		84CBC85C2A9FBCEB00F4F0ED /* RoomListViewController.swift in Sources */ = {isa = PBXBuildFile; fileRef = 84CBC85B2A9FBCEB00F4F0ED /* RoomListViewController.swift */; };
		84CBC85E2A9FC60000F4F0ED /* RoomListCoordinator.swift in Sources */ = {isa = PBXBuildFile; fileRef = 84CBC85D2A9FC60000F4F0ED /* RoomListCoordinator.swift */; };
		84CBC8672A9FCE1D00F4F0ED /* RoomListViewModel.swift in Sources */ = {isa = PBXBuildFile; fileRef = 84CBC8662A9FCE1D00F4F0ED /* RoomListViewModel.swift */; };
		84CBC86C2A9FCFB900F4F0ED /* HotelInfoViewModel.swift in Sources */ = {isa = PBXBuildFile; fileRef = 84CBC86B2A9FCFB900F4F0ED /* HotelInfoViewModel.swift */; };
		84CBC86F2A9FD01C00F4F0ED /* NetworkService.swift in Sources */ = {isa = PBXBuildFile; fileRef = 84CBC86E2A9FD01C00F4F0ED /* NetworkService.swift */; };
		84CBC8722A9FD0A300F4F0ED /* HotelModel.swift in Sources */ = {isa = PBXBuildFile; fileRef = 84CBC8712A9FD0A300F4F0ED /* HotelModel.swift */; };
		84CBC8742A9FD2F300F4F0ED /* Observable.swift in Sources */ = {isa = PBXBuildFile; fileRef = 84CBC8732A9FD2F300F4F0ED /* Observable.swift */; };
		84CBC8772A9FDB1000F4F0ED /* UIColor.swift in Sources */ = {isa = PBXBuildFile; fileRef = 84CBC8762A9FDB1000F4F0ED /* UIColor.swift */; };
		84CBC87A2A9FDB7400F4F0ED /* Constants.swift in Sources */ = {isa = PBXBuildFile; fileRef = 84CBC8792A9FDB7400F4F0ED /* Constants.swift */; };
		84CBC87C2A9FE30F00F4F0ED /* MainHotelView.swift in Sources */ = {isa = PBXBuildFile; fileRef = 84CBC87B2A9FE30F00F4F0ED /* MainHotelView.swift */; };
		84CBC87E2A9FE8C700F4F0ED /* RatingView.swift in Sources */ = {isa = PBXBuildFile; fileRef = 84CBC87D2A9FE8C700F4F0ED /* RatingView.swift */; };
/* End PBXBuildFile section */

/* Begin PBXFileReference section */
		8403DE4B2AA3CA550076616C /* RoomDetailsView.swift */ = {isa = PBXFileReference; lastKnownFileType = sourcecode.swift; path = RoomDetailsView.swift; sourceTree = "<group>"; };
		8403DE4E2AA3E02E0076616C /* DetailsTableViewCell.swift */ = {isa = PBXFileReference; lastKnownFileType = sourcecode.swift; path = DetailsTableViewCell.swift; sourceTree = "<group>"; };
		8403DE502AA3E2620076616C /* DetailsCellModel.swift */ = {isa = PBXFileReference; lastKnownFileType = sourcecode.swift; path = DetailsCellModel.swift; sourceTree = "<group>"; };
		840C0DDA2AA2773F008BF228 /* CollapsibleTableViewHeader.swift */ = {isa = PBXFileReference; lastKnownFileType = sourcecode.swift; path = CollapsibleTableViewHeader.swift; sourceTree = "<group>"; };
		840C0DDC2AA28E36008BF228 /* TableViewAdjustedHeight.swift */ = {isa = PBXFileReference; lastKnownFileType = sourcecode.swift; path = TableViewAdjustedHeight.swift; sourceTree = "<group>"; };
		840D7D702AA4E51A006C5BC1 /* CarouselCell.swift */ = {isa = PBXFileReference; lastKnownFileType = sourcecode.swift; path = CarouselCell.swift; sourceTree = "<group>"; };
		840D7D722AA4E57F006C5BC1 /* CarouselView.swift */ = {isa = PBXFileReference; lastKnownFileType = sourcecode.swift; path = CarouselView.swift; sourceTree = "<group>"; };
		840D7D782AA51EB3006C5BC1 /* BookingInfoView.swift */ = {isa = PBXFileReference; lastKnownFileType = sourcecode.swift; path = BookingInfoView.swift; sourceTree = "<group>"; };
		840D7D7A2AA529A6006C5BC1 /* ContactInfoView.swift */ = {isa = PBXFileReference; lastKnownFileType = sourcecode.swift; path = ContactInfoView.swift; sourceTree = "<group>"; };
		840D7D7E2AA52D4E006C5BC1 /* PaymentInfoView.swift */ = {isa = PBXFileReference; lastKnownFileType = sourcecode.swift; path = PaymentInfoView.swift; sourceTree = "<group>"; };
		84226C502AA1DBCA00865D4B /* AppCoordinator.swift */ = {isa = PBXFileReference; lastKnownFileType = sourcecode.swift; path = AppCoordinator.swift; sourceTree = "<group>"; };
		84226C592AA22B5500865D4B /* String.swift */ = {isa = PBXFileReference; lastKnownFileType = sourcecode.swift; path = String.swift; sourceTree = "<group>"; };
		84226C5B2AA23BE100865D4B /* Section.swift */ = {isa = PBXFileReference; lastKnownFileType = sourcecode.swift; path = Section.swift; sourceTree = "<group>"; };
		84226C5F2AA2401800865D4B /* InputTableViewCell.swift */ = {isa = PBXFileReference; lastKnownFileType = sourcecode.swift; path = InputTableViewCell.swift; sourceTree = "<group>"; };
		847121BC2AA10428001D06BA /* RoomModel.swift */ = {isa = PBXFileReference; lastKnownFileType = sourcecode.swift; path = RoomModel.swift; sourceTree = "<group>"; };
		847121BF2AA105FA001D06BA /* RoomTableViewCell.swift */ = {isa = PBXFileReference; lastKnownFileType = sourcecode.swift; path = RoomTableViewCell.swift; sourceTree = "<group>"; };
		847121C12AA12A5C001D06BA /* BookingInfoViewController.swift */ = {isa = PBXFileReference; lastKnownFileType = sourcecode.swift; path = BookingInfoViewController.swift; sourceTree = "<group>"; };
		847121C32AA12A69001D06BA /* BookingInfoViewModel.swift */ = {isa = PBXFileReference; lastKnownFileType = sourcecode.swift; path = BookingInfoViewModel.swift; sourceTree = "<group>"; };
		847121C52AA12ACB001D06BA /* BookingInfoCoordinator.swift */ = {isa = PBXFileReference; lastKnownFileType = sourcecode.swift; path = BookingInfoCoordinator.swift; sourceTree = "<group>"; };
		847121C72AA12CCA001D06BA /* BookingModel.swift */ = {isa = PBXFileReference; lastKnownFileType = sourcecode.swift; path = BookingModel.swift; sourceTree = "<group>"; };
		847121C92AA131BB001D06BA /* SuccessScreenCoordinator.swift */ = {isa = PBXFileReference; lastKnownFileType = sourcecode.swift; path = SuccessScreenCoordinator.swift; sourceTree = "<group>"; };
		847121CB2AA13208001D06BA /* SuccessScreenViewController.swift */ = {isa = PBXFileReference; lastKnownFileType = sourcecode.swift; path = SuccessScreenViewController.swift; sourceTree = "<group>"; };
		847121CD2AA13211001D06BA /* SuccessScreenViewModel.swift */ = {isa = PBXFileReference; lastKnownFileType = sourcecode.swift; path = SuccessScreenViewModel.swift; sourceTree = "<group>"; };
		847121D02AA13629001D06BA /* HotelInfoView.swift */ = {isa = PBXFileReference; lastKnownFileType = sourcecode.swift; path = HotelInfoView.swift; sourceTree = "<group>"; };
		849671C62AA094B5002A5D90 /* UILabel.swift */ = {isa = PBXFileReference; lastKnownFileType = sourcecode.swift; path = UILabel.swift; sourceTree = "<group>"; };
		849671C82AA09895002A5D90 /* Int.swift */ = {isa = PBXFileReference; lastKnownFileType = sourcecode.swift; path = Int.swift; sourceTree = "<group>"; };
		849671CC2AA0A804002A5D90 /* HotelDescriptionView.swift */ = {isa = PBXFileReference; lastKnownFileType = sourcecode.swift; path = HotelDescriptionView.swift; sourceTree = "<group>"; };
		84CBC8382A9FAA5900F4F0ED /* Hotel Booking.app */ = {isa = PBXFileReference; explicitFileType = wrapper.application; includeInIndex = 0; path = "Hotel Booking.app"; sourceTree = BUILT_PRODUCTS_DIR; };
		84CBC83B2A9FAA5900F4F0ED /* AppDelegate.swift */ = {isa = PBXFileReference; lastKnownFileType = sourcecode.swift; path = AppDelegate.swift; sourceTree = "<group>"; };
		84CBC83D2A9FAA5900F4F0ED /* SceneDelegate.swift */ = {isa = PBXFileReference; lastKnownFileType = sourcecode.swift; path = SceneDelegate.swift; sourceTree = "<group>"; };
		84CBC83F2A9FAA5900F4F0ED /* HotelInfoViewController.swift */ = {isa = PBXFileReference; lastKnownFileType = sourcecode.swift; path = HotelInfoViewController.swift; sourceTree = "<group>"; };
		84CBC8442A9FAA5A00F4F0ED /* Assets.xcassets */ = {isa = PBXFileReference; lastKnownFileType = folder.assetcatalog; path = Assets.xcassets; sourceTree = "<group>"; };
		84CBC8492A9FAA5A00F4F0ED /* Info.plist */ = {isa = PBXFileReference; lastKnownFileType = text.plist.xml; path = Info.plist; sourceTree = "<group>"; };
		84CBC84F2A9FAD2500F4F0ED /* Coordinator.swift */ = {isa = PBXFileReference; lastKnownFileType = sourcecode.swift; path = Coordinator.swift; sourceTree = "<group>"; };
		84CBC8512A9FAFE500F4F0ED /* HotelInfoCoordinator.swift */ = {isa = PBXFileReference; lastKnownFileType = sourcecode.swift; path = HotelInfoCoordinator.swift; sourceTree = "<group>"; };
		84CBC85B2A9FBCEB00F4F0ED /* RoomListViewController.swift */ = {isa = PBXFileReference; lastKnownFileType = sourcecode.swift; path = RoomListViewController.swift; sourceTree = "<group>"; };
		84CBC85D2A9FC60000F4F0ED /* RoomListCoordinator.swift */ = {isa = PBXFileReference; lastKnownFileType = sourcecode.swift; path = RoomListCoordinator.swift; sourceTree = "<group>"; };
		84CBC8662A9FCE1D00F4F0ED /* RoomListViewModel.swift */ = {isa = PBXFileReference; lastKnownFileType = sourcecode.swift; path = RoomListViewModel.swift; sourceTree = "<group>"; };
		84CBC86B2A9FCFB900F4F0ED /* HotelInfoViewModel.swift */ = {isa = PBXFileReference; lastKnownFileType = sourcecode.swift; path = HotelInfoViewModel.swift; sourceTree = "<group>"; };
		84CBC86E2A9FD01C00F4F0ED /* NetworkService.swift */ = {isa = PBXFileReference; lastKnownFileType = sourcecode.swift; path = NetworkService.swift; sourceTree = "<group>"; };
		84CBC8712A9FD0A300F4F0ED /* HotelModel.swift */ = {isa = PBXFileReference; lastKnownFileType = sourcecode.swift; path = HotelModel.swift; sourceTree = "<group>"; };
		84CBC8732A9FD2F300F4F0ED /* Observable.swift */ = {isa = PBXFileReference; lastKnownFileType = sourcecode.swift; path = Observable.swift; sourceTree = "<group>"; };
		84CBC8762A9FDB1000F4F0ED /* UIColor.swift */ = {isa = PBXFileReference; lastKnownFileType = sourcecode.swift; path = UIColor.swift; sourceTree = "<group>"; };
		84CBC8792A9FDB7400F4F0ED /* Constants.swift */ = {isa = PBXFileReference; lastKnownFileType = sourcecode.swift; path = Constants.swift; sourceTree = "<group>"; };
		84CBC87B2A9FE30F00F4F0ED /* MainHotelView.swift */ = {isa = PBXFileReference; lastKnownFileType = sourcecode.swift; path = MainHotelView.swift; sourceTree = "<group>"; };
		84CBC87D2A9FE8C700F4F0ED /* RatingView.swift */ = {isa = PBXFileReference; lastKnownFileType = sourcecode.swift; path = RatingView.swift; sourceTree = "<group>"; };
/* End PBXFileReference section */

/* Begin PBXFrameworksBuildPhase section */
		84CBC8352A9FAA5900F4F0ED /* Frameworks */ = {
			isa = PBXFrameworksBuildPhase;
			buildActionMask = 2147483647;
			files = (
				8403DE4A2AA3AB140076616C /* TTGTags in Frameworks */,
				84CBC8552A9FB3A200F4F0ED /* SnapKit in Frameworks */,
			);
			runOnlyForDeploymentPostprocessing = 0;
		};
/* End PBXFrameworksBuildPhase section */

/* Begin PBXGroup section */
		840D7D742AA51441006C5BC1 /* Common */ = {
			isa = PBXGroup;
			children = (
				840D7D772AA516CB006C5BC1 /* Views */,
				840D7D762AA516AA006C5BC1 /* Cells */,
			);
			path = Common;
			sourceTree = "<group>";
		};
		840D7D752AA5160F006C5BC1 /* Support */ = {
			isa = PBXGroup;
			children = (
				84CBC8732A9FD2F300F4F0ED /* Observable.swift */,
				840C0DDC2AA28E36008BF228 /* TableViewAdjustedHeight.swift */,
				84CBC8752A9FDAFA00F4F0ED /* Extensions */,
			);
			path = Support;
			sourceTree = "<group>";
		};
		840D7D762AA516AA006C5BC1 /* Cells */ = {
			isa = PBXGroup;
			children = (
				840D7D702AA4E51A006C5BC1 /* CarouselCell.swift */,
				84226C5F2AA2401800865D4B /* InputTableViewCell.swift */,
				8403DE4E2AA3E02E0076616C /* DetailsTableViewCell.swift */,
				847121BF2AA105FA001D06BA /* RoomTableViewCell.swift */,
			);
			path = Cells;
			sourceTree = "<group>";
		};
		840D7D772AA516CB006C5BC1 /* Views */ = {
			isa = PBXGroup;
			children = (
				840D7D722AA4E57F006C5BC1 /* CarouselView.swift */,
				84CBC87D2A9FE8C700F4F0ED /* RatingView.swift */,
				840C0DDA2AA2773F008BF228 /* CollapsibleTableViewHeader.swift */,
				8403DE4B2AA3CA550076616C /* RoomDetailsView.swift */,
			);
			path = Views;
			sourceTree = "<group>";
		};
		847121CF2AA13605001D06BA /* Subviews */ = {
			isa = PBXGroup;
			children = (
				847121D02AA13629001D06BA /* HotelInfoView.swift */,
				840D7D782AA51EB3006C5BC1 /* BookingInfoView.swift */,
				840D7D7A2AA529A6006C5BC1 /* ContactInfoView.swift */,
				840D7D7E2AA52D4E006C5BC1 /* PaymentInfoView.swift */,
			);
			path = Subviews;
			sourceTree = "<group>";
		};
		849671CE2AA0A8AB002A5D90 /* Subviews */ = {
			isa = PBXGroup;
			children = (
				84CBC87B2A9FE30F00F4F0ED /* MainHotelView.swift */,
				849671CC2AA0A804002A5D90 /* HotelDescriptionView.swift */,
			);
			path = Subviews;
			sourceTree = "<group>";
		};
		84CBC82F2A9FAA5900F4F0ED = {
			isa = PBXGroup;
			children = (
				84CBC83A2A9FAA5900F4F0ED /* Hotel Booking */,
				84CBC8392A9FAA5900F4F0ED /* Products */,
			);
			sourceTree = "<group>";
		};
		84CBC8392A9FAA5900F4F0ED /* Products */ = {
			isa = PBXGroup;
			children = (
				84CBC8382A9FAA5900F4F0ED /* Hotel Booking.app */,
			);
			name = Products;
			sourceTree = "<group>";
		};
		84CBC83A2A9FAA5900F4F0ED /* Hotel Booking */ = {
			isa = PBXGroup;
			children = (
				84CBC8622A9FCDE200F4F0ED /* App */,
				840D7D742AA51441006C5BC1 /* Common */,
				84CBC86D2A9FD00300F4F0ED /* Services */,
				84CBC8702A9FD07000F4F0ED /* Models */,
				84CBC8612A9FCD1B00F4F0ED /* Coordinators */,
				84CBC8632A9FCDF100F4F0ED /* Scenes */,
				840D7D752AA5160F006C5BC1 /* Support */,
				84CBC8782A9FDB6200F4F0ED /* Constants */,
				84CBC8442A9FAA5A00F4F0ED /* Assets.xcassets */,
				84CBC8492A9FAA5A00F4F0ED /* Info.plist */,
			);
			path = "Hotel Booking";
			sourceTree = "<group>";
		};
		84CBC8612A9FCD1B00F4F0ED /* Coordinators */ = {
			isa = PBXGroup;
			children = (
				84CBC84F2A9FAD2500F4F0ED /* Coordinator.swift */,
				84226C502AA1DBCA00865D4B /* AppCoordinator.swift */,
				84CBC8512A9FAFE500F4F0ED /* HotelInfoCoordinator.swift */,
				84CBC85D2A9FC60000F4F0ED /* RoomListCoordinator.swift */,
				847121C52AA12ACB001D06BA /* BookingInfoCoordinator.swift */,
				847121C92AA131BB001D06BA /* SuccessScreenCoordinator.swift */,
			);
			path = Coordinators;
			sourceTree = "<group>";
		};
		84CBC8622A9FCDE200F4F0ED /* App */ = {
			isa = PBXGroup;
			children = (
				84CBC83B2A9FAA5900F4F0ED /* AppDelegate.swift */,
				84CBC83D2A9FAA5900F4F0ED /* SceneDelegate.swift */,
			);
			path = App;
			sourceTree = "<group>";
		};
		84CBC8632A9FCDF100F4F0ED /* Scenes */ = {
			isa = PBXGroup;
			children = (
				84CBC8682A9FCE5800F4F0ED /* HotelInfo */,
				84CBC8652A9FCE0000F4F0ED /* RoomList */,
				84CBC8692A9FCE6F00F4F0ED /* BookingInfo */,
				84CBC86A2A9FCE7F00F4F0ED /* SuccessScreen */,
			);
			path = Scenes;
			sourceTree = "<group>";
		};
		84CBC8652A9FCE0000F4F0ED /* RoomList */ = {
			isa = PBXGroup;
			children = (
				84CBC85B2A9FBCEB00F4F0ED /* RoomListViewController.swift */,
				84CBC8662A9FCE1D00F4F0ED /* RoomListViewModel.swift */,
			);
			path = RoomList;
			sourceTree = "<group>";
		};
		84CBC8682A9FCE5800F4F0ED /* HotelInfo */ = {
			isa = PBXGroup;
			children = (
				84CBC83F2A9FAA5900F4F0ED /* HotelInfoViewController.swift */,
				84CBC86B2A9FCFB900F4F0ED /* HotelInfoViewModel.swift */,
				849671CE2AA0A8AB002A5D90 /* Subviews */,
			);
			path = HotelInfo;
			sourceTree = "<group>";
		};
		84CBC8692A9FCE6F00F4F0ED /* BookingInfo */ = {
			isa = PBXGroup;
			children = (
				847121C12AA12A5C001D06BA /* BookingInfoViewController.swift */,
				847121C32AA12A69001D06BA /* BookingInfoViewModel.swift */,
				847121CF2AA13605001D06BA /* Subviews */,
			);
			path = BookingInfo;
			sourceTree = "<group>";
		};
		84CBC86A2A9FCE7F00F4F0ED /* SuccessScreen */ = {
			isa = PBXGroup;
			children = (
				847121CB2AA13208001D06BA /* SuccessScreenViewController.swift */,
				847121CD2AA13211001D06BA /* SuccessScreenViewModel.swift */,
			);
			path = SuccessScreen;
			sourceTree = "<group>";
		};
		84CBC86D2A9FD00300F4F0ED /* Services */ = {
			isa = PBXGroup;
			children = (
				84CBC86E2A9FD01C00F4F0ED /* NetworkService.swift */,
			);
			path = Services;
			sourceTree = "<group>";
		};
		84CBC8702A9FD07000F4F0ED /* Models */ = {
			isa = PBXGroup;
			children = (
				84CBC8712A9FD0A300F4F0ED /* HotelModel.swift */,
				847121BC2AA10428001D06BA /* RoomModel.swift */,
				847121C72AA12CCA001D06BA /* BookingModel.swift */,
				84226C5B2AA23BE100865D4B /* Section.swift */,
				8403DE502AA3E2620076616C /* DetailsCellModel.swift */,
			);
			path = Models;
			sourceTree = "<group>";
		};
		84CBC8752A9FDAFA00F4F0ED /* Extensions */ = {
			isa = PBXGroup;
			children = (
				84CBC8762A9FDB1000F4F0ED /* UIColor.swift */,
				849671C62AA094B5002A5D90 /* UILabel.swift */,
				849671C82AA09895002A5D90 /* Int.swift */,
				84226C592AA22B5500865D4B /* String.swift */,
			);
			path = Extensions;
			sourceTree = "<group>";
		};
		84CBC8782A9FDB6200F4F0ED /* Constants */ = {
			isa = PBXGroup;
			children = (
				84CBC8792A9FDB7400F4F0ED /* Constants.swift */,
			);
			path = Constants;
			sourceTree = "<group>";
		};
/* End PBXGroup section */

/* Begin PBXNativeTarget section */
		84CBC8372A9FAA5900F4F0ED /* Hotel Booking */ = {
			isa = PBXNativeTarget;
			buildConfigurationList = 84CBC84C2A9FAA5A00F4F0ED /* Build configuration list for PBXNativeTarget "Hotel Booking" */;
			buildPhases = (
				84CBC8342A9FAA5900F4F0ED /* Sources */,
				84CBC8352A9FAA5900F4F0ED /* Frameworks */,
				84CBC8362A9FAA5900F4F0ED /* Resources */,
			);
			buildRules = (
			);
			dependencies = (
			);
			name = "Hotel Booking";
			packageProductDependencies = (
				84CBC8542A9FB3A200F4F0ED /* SnapKit */,
				8403DE492AA3AB140076616C /* TTGTags */,
			);
			productName = "Hotel Booking";
			productReference = 84CBC8382A9FAA5900F4F0ED /* Hotel Booking.app */;
			productType = "com.apple.product-type.application";
		};
/* End PBXNativeTarget section */

/* Begin PBXProject section */
		84CBC8302A9FAA5900F4F0ED /* Project object */ = {
			isa = PBXProject;
			attributes = {
				BuildIndependentTargetsInParallel = 1;
				LastSwiftUpdateCheck = 1430;
				LastUpgradeCheck = 1430;
				TargetAttributes = {
					84CBC8372A9FAA5900F4F0ED = {
						CreatedOnToolsVersion = 14.3.1;
					};
				};
			};
			buildConfigurationList = 84CBC8332A9FAA5900F4F0ED /* Build configuration list for PBXProject "Hotel Booking" */;
			compatibilityVersion = "Xcode 14.0";
			developmentRegion = en;
			hasScannedForEncodings = 0;
			knownRegions = (
				en,
				Base,
			);
			mainGroup = 84CBC82F2A9FAA5900F4F0ED;
			packageReferences = (
				84CBC8532A9FB3A200F4F0ED /* XCRemoteSwiftPackageReference "SnapKit" */,
				8403DE482AA3AB140076616C /* XCRemoteSwiftPackageReference "TTGTagCollectionView" */,
			);
			productRefGroup = 84CBC8392A9FAA5900F4F0ED /* Products */;
			projectDirPath = "";
			projectRoot = "";
			targets = (
				84CBC8372A9FAA5900F4F0ED /* Hotel Booking */,
			);
		};
/* End PBXProject section */

/* Begin PBXResourcesBuildPhase section */
		84CBC8362A9FAA5900F4F0ED /* Resources */ = {
			isa = PBXResourcesBuildPhase;
			buildActionMask = 2147483647;
			files = (
				84CBC8452A9FAA5A00F4F0ED /* Assets.xcassets in Resources */,
			);
			runOnlyForDeploymentPostprocessing = 0;
		};
/* End PBXResourcesBuildPhase section */

/* Begin PBXSourcesBuildPhase section */
		84CBC8342A9FAA5900F4F0ED /* Sources */ = {
			isa = PBXSourcesBuildPhase;
			buildActionMask = 2147483647;
			files = (
				849671C72AA094B5002A5D90 /* UILabel.swift in Sources */,
				8403DE4F2AA3E02E0076616C /* DetailsTableViewCell.swift in Sources */,
				84CBC86F2A9FD01C00F4F0ED /* NetworkService.swift in Sources */,
				847121D12AA13629001D06BA /* HotelInfoView.swift in Sources */,
				84CBC85C2A9FBCEB00F4F0ED /* RoomListViewController.swift in Sources */,
				84CBC86C2A9FCFB900F4F0ED /* HotelInfoViewModel.swift in Sources */,
				84226C602AA2401800865D4B /* InputTableViewCell.swift in Sources */,
				847121C62AA12ACB001D06BA /* BookingInfoCoordinator.swift in Sources */,
				847121CC2AA13208001D06BA /* SuccessScreenViewController.swift in Sources */,
				84CBC8502A9FAD2500F4F0ED /* Coordinator.swift in Sources */,
				840D7D7F2AA52D4E006C5BC1 /* PaymentInfoView.swift in Sources */,
				84CBC8742A9FD2F300F4F0ED /* Observable.swift in Sources */,
				847121CE2AA13211001D06BA /* SuccessScreenViewModel.swift in Sources */,
				847121C22AA12A5C001D06BA /* BookingInfoViewController.swift in Sources */,
				84CBC8402A9FAA5900F4F0ED /* HotelInfoViewController.swift in Sources */,
				84CBC83C2A9FAA5900F4F0ED /* AppDelegate.swift in Sources */,
				8403DE4C2AA3CA550076616C /* RoomDetailsView.swift in Sources */,
				847121C42AA12A69001D06BA /* BookingInfoViewModel.swift in Sources */,
				84226C5C2AA23BE100865D4B /* Section.swift in Sources */,
				84CBC8522A9FAFE500F4F0ED /* HotelInfoCoordinator.swift in Sources */,
				84CBC87C2A9FE30F00F4F0ED /* MainHotelView.swift in Sources */,
				840D7D792AA51EB3006C5BC1 /* BookingInfoView.swift in Sources */,
				847121CA2AA131BB001D06BA /* SuccessScreenCoordinator.swift in Sources */,
				84CBC85E2A9FC60000F4F0ED /* RoomListCoordinator.swift in Sources */,
				84CBC8772A9FDB1000F4F0ED /* UIColor.swift in Sources */,
				84226C512AA1DBCA00865D4B /* AppCoordinator.swift in Sources */,
				840D7D712AA4E51A006C5BC1 /* CarouselCell.swift in Sources */,
				84CBC87E2A9FE8C700F4F0ED /* RatingView.swift in Sources */,
				847121C82AA12CCA001D06BA /* BookingModel.swift in Sources */,
				847121C02AA105FA001D06BA /* RoomTableViewCell.swift in Sources */,
				840D7D7B2AA529A6006C5BC1 /* ContactInfoView.swift in Sources */,
				84CBC8722A9FD0A300F4F0ED /* HotelModel.swift in Sources */,
				84CBC87A2A9FDB7400F4F0ED /* Constants.swift in Sources */,
				840D7D732AA4E57F006C5BC1 /* CarouselView.swift in Sources */,
				840C0DDD2AA28E36008BF228 /* TableViewAdjustedHeight.swift in Sources */,
				847121BD2AA10428001D06BA /* RoomModel.swift in Sources */,
				849671CD2AA0A804002A5D90 /* HotelDescriptionView.swift in Sources */,
				8403DE512AA3E2620076616C /* DetailsCellModel.swift in Sources */,
				849671C92AA09895002A5D90 /* Int.swift in Sources */,
				840C0DDB2AA2773F008BF228 /* CollapsibleTableViewHeader.swift in Sources */,
				84CBC83E2A9FAA5900F4F0ED /* SceneDelegate.swift in Sources */,
				84226C5A2AA22B5500865D4B /* String.swift in Sources */,
				84CBC8672A9FCE1D00F4F0ED /* RoomListViewModel.swift in Sources */,
			);
			runOnlyForDeploymentPostprocessing = 0;
		};
/* End PBXSourcesBuildPhase section */

/* Begin XCBuildConfiguration section */
		84CBC84A2A9FAA5A00F4F0ED /* Debug */ = {
			isa = XCBuildConfiguration;
			buildSettings = {
				ALWAYS_SEARCH_USER_PATHS = NO;
				CLANG_ANALYZER_NONNULL = YES;
				CLANG_ANALYZER_NUMBER_OBJECT_CONVERSION = YES_AGGRESSIVE;
				CLANG_CXX_LANGUAGE_STANDARD = "gnu++20";
				CLANG_ENABLE_MODULES = YES;
				CLANG_ENABLE_OBJC_ARC = YES;
				CLANG_ENABLE_OBJC_WEAK = YES;
				CLANG_WARN_BLOCK_CAPTURE_AUTORELEASING = YES;
				CLANG_WARN_BOOL_CONVERSION = YES;
				CLANG_WARN_COMMA = YES;
				CLANG_WARN_CONSTANT_CONVERSION = YES;
				CLANG_WARN_DEPRECATED_OBJC_IMPLEMENTATIONS = YES;
				CLANG_WARN_DIRECT_OBJC_ISA_USAGE = YES_ERROR;
				CLANG_WARN_DOCUMENTATION_COMMENTS = YES;
				CLANG_WARN_EMPTY_BODY = YES;
				CLANG_WARN_ENUM_CONVERSION = YES;
				CLANG_WARN_INFINITE_RECURSION = YES;
				CLANG_WARN_INT_CONVERSION = YES;
				CLANG_WARN_NON_LITERAL_NULL_CONVERSION = YES;
				CLANG_WARN_OBJC_IMPLICIT_RETAIN_SELF = YES;
				CLANG_WARN_OBJC_LITERAL_CONVERSION = YES;
				CLANG_WARN_OBJC_ROOT_CLASS = YES_ERROR;
				CLANG_WARN_QUOTED_INCLUDE_IN_FRAMEWORK_HEADER = YES;
				CLANG_WARN_RANGE_LOOP_ANALYSIS = YES;
				CLANG_WARN_STRICT_PROTOTYPES = YES;
				CLANG_WARN_SUSPICIOUS_MOVE = YES;
				CLANG_WARN_UNGUARDED_AVAILABILITY = YES_AGGRESSIVE;
				CLANG_WARN_UNREACHABLE_CODE = YES;
				CLANG_WARN__DUPLICATE_METHOD_MATCH = YES;
				COPY_PHASE_STRIP = NO;
				DEBUG_INFORMATION_FORMAT = dwarf;
				ENABLE_STRICT_OBJC_MSGSEND = YES;
				ENABLE_TESTABILITY = YES;
				GCC_C_LANGUAGE_STANDARD = gnu11;
				GCC_DYNAMIC_NO_PIC = NO;
				GCC_NO_COMMON_BLOCKS = YES;
				GCC_OPTIMIZATION_LEVEL = 0;
				GCC_PREPROCESSOR_DEFINITIONS = (
					"DEBUG=1",
					"$(inherited)",
				);
				GCC_WARN_64_TO_32_BIT_CONVERSION = YES;
				GCC_WARN_ABOUT_RETURN_TYPE = YES_ERROR;
				GCC_WARN_UNDECLARED_SELECTOR = YES;
				GCC_WARN_UNINITIALIZED_AUTOS = YES_AGGRESSIVE;
				GCC_WARN_UNUSED_FUNCTION = YES;
				GCC_WARN_UNUSED_VARIABLE = YES;
				IPHONEOS_DEPLOYMENT_TARGET = 16.4;
				MTL_ENABLE_DEBUG_INFO = INCLUDE_SOURCE;
				MTL_FAST_MATH = YES;
				ONLY_ACTIVE_ARCH = YES;
				SDKROOT = iphoneos;
				SWIFT_ACTIVE_COMPILATION_CONDITIONS = DEBUG;
				SWIFT_OPTIMIZATION_LEVEL = "-Onone";
			};
			name = Debug;
		};
		84CBC84B2A9FAA5A00F4F0ED /* Release */ = {
			isa = XCBuildConfiguration;
			buildSettings = {
				ALWAYS_SEARCH_USER_PATHS = NO;
				CLANG_ANALYZER_NONNULL = YES;
				CLANG_ANALYZER_NUMBER_OBJECT_CONVERSION = YES_AGGRESSIVE;
				CLANG_CXX_LANGUAGE_STANDARD = "gnu++20";
				CLANG_ENABLE_MODULES = YES;
				CLANG_ENABLE_OBJC_ARC = YES;
				CLANG_ENABLE_OBJC_WEAK = YES;
				CLANG_WARN_BLOCK_CAPTURE_AUTORELEASING = YES;
				CLANG_WARN_BOOL_CONVERSION = YES;
				CLANG_WARN_COMMA = YES;
				CLANG_WARN_CONSTANT_CONVERSION = YES;
				CLANG_WARN_DEPRECATED_OBJC_IMPLEMENTATIONS = YES;
				CLANG_WARN_DIRECT_OBJC_ISA_USAGE = YES_ERROR;
				CLANG_WARN_DOCUMENTATION_COMMENTS = YES;
				CLANG_WARN_EMPTY_BODY = YES;
				CLANG_WARN_ENUM_CONVERSION = YES;
				CLANG_WARN_INFINITE_RECURSION = YES;
				CLANG_WARN_INT_CONVERSION = YES;
				CLANG_WARN_NON_LITERAL_NULL_CONVERSION = YES;
				CLANG_WARN_OBJC_IMPLICIT_RETAIN_SELF = YES;
				CLANG_WARN_OBJC_LITERAL_CONVERSION = YES;
				CLANG_WARN_OBJC_ROOT_CLASS = YES_ERROR;
				CLANG_WARN_QUOTED_INCLUDE_IN_FRAMEWORK_HEADER = YES;
				CLANG_WARN_RANGE_LOOP_ANALYSIS = YES;
				CLANG_WARN_STRICT_PROTOTYPES = YES;
				CLANG_WARN_SUSPICIOUS_MOVE = YES;
				CLANG_WARN_UNGUARDED_AVAILABILITY = YES_AGGRESSIVE;
				CLANG_WARN_UNREACHABLE_CODE = YES;
				CLANG_WARN__DUPLICATE_METHOD_MATCH = YES;
				COPY_PHASE_STRIP = NO;
				DEBUG_INFORMATION_FORMAT = "dwarf-with-dsym";
				ENABLE_NS_ASSERTIONS = NO;
				ENABLE_STRICT_OBJC_MSGSEND = YES;
				GCC_C_LANGUAGE_STANDARD = gnu11;
				GCC_NO_COMMON_BLOCKS = YES;
				GCC_WARN_64_TO_32_BIT_CONVERSION = YES;
				GCC_WARN_ABOUT_RETURN_TYPE = YES_ERROR;
				GCC_WARN_UNDECLARED_SELECTOR = YES;
				GCC_WARN_UNINITIALIZED_AUTOS = YES_AGGRESSIVE;
				GCC_WARN_UNUSED_FUNCTION = YES;
				GCC_WARN_UNUSED_VARIABLE = YES;
				IPHONEOS_DEPLOYMENT_TARGET = 16.4;
				MTL_ENABLE_DEBUG_INFO = NO;
				MTL_FAST_MATH = YES;
				SDKROOT = iphoneos;
				SWIFT_COMPILATION_MODE = wholemodule;
				SWIFT_OPTIMIZATION_LEVEL = "-O";
				VALIDATE_PRODUCT = YES;
			};
			name = Release;
		};
		84CBC84D2A9FAA5A00F4F0ED /* Debug */ = {
			isa = XCBuildConfiguration;
			buildSettings = {
				ASSETCATALOG_COMPILER_APPICON_NAME = AppIcon;
				ASSETCATALOG_COMPILER_GLOBAL_ACCENT_COLOR_NAME = AccentColor;
				CODE_SIGN_STYLE = Automatic;
				CURRENT_PROJECT_VERSION = 1;
				GENERATE_INFOPLIST_FILE = YES;
				INFOPLIST_FILE = "Hotel Booking/Info.plist";
				INFOPLIST_KEY_UIApplicationSupportsIndirectInputEvents = YES;
				INFOPLIST_KEY_UILaunchStoryboardName = LaunchScreen;
				INFOPLIST_KEY_UISupportedInterfaceOrientations_iPad = "UIInterfaceOrientationPortrait UIInterfaceOrientationPortraitUpsideDown UIInterfaceOrientationLandscapeLeft UIInterfaceOrientationLandscapeRight";
				INFOPLIST_KEY_UISupportedInterfaceOrientations_iPhone = "UIInterfaceOrientationPortrait UIInterfaceOrientationLandscapeLeft UIInterfaceOrientationLandscapeRight";
				LD_RUNPATH_SEARCH_PATHS = (
					"$(inherited)",
					"@executable_path/Frameworks",
				);
				MARKETING_VERSION = 1.0;
				PRODUCT_BUNDLE_IDENTIFIER = "Maxim.Startsev.Hotel-Booking";
				PRODUCT_NAME = "$(TARGET_NAME)";
				SWIFT_EMIT_LOC_STRINGS = YES;
				SWIFT_VERSION = 5.0;
				TARGETED_DEVICE_FAMILY = "1,2";
			};
			name = Debug;
		};
		84CBC84E2A9FAA5A00F4F0ED /* Release */ = {
			isa = XCBuildConfiguration;
			buildSettings = {
				ASSETCATALOG_COMPILER_APPICON_NAME = AppIcon;
				ASSETCATALOG_COMPILER_GLOBAL_ACCENT_COLOR_NAME = AccentColor;
				CODE_SIGN_STYLE = Automatic;
				CURRENT_PROJECT_VERSION = 1;
				GENERATE_INFOPLIST_FILE = YES;
				INFOPLIST_FILE = "Hotel Booking/Info.plist";
				INFOPLIST_KEY_UIApplicationSupportsIndirectInputEvents = YES;
				INFOPLIST_KEY_UILaunchStoryboardName = LaunchScreen;
				INFOPLIST_KEY_UISupportedInterfaceOrientations_iPad = "UIInterfaceOrientationPortrait UIInterfaceOrientationPortraitUpsideDown UIInterfaceOrientationLandscapeLeft UIInterfaceOrientationLandscapeRight";
				INFOPLIST_KEY_UISupportedInterfaceOrientations_iPhone = "UIInterfaceOrientationPortrait UIInterfaceOrientationLandscapeLeft UIInterfaceOrientationLandscapeRight";
				LD_RUNPATH_SEARCH_PATHS = (
					"$(inherited)",
					"@executable_path/Frameworks",
				);
				MARKETING_VERSION = 1.0;
				PRODUCT_BUNDLE_IDENTIFIER = "Maxim.Startsev.Hotel-Booking";
				PRODUCT_NAME = "$(TARGET_NAME)";
				SWIFT_EMIT_LOC_STRINGS = YES;
				SWIFT_VERSION = 5.0;
				TARGETED_DEVICE_FAMILY = "1,2";
			};
			name = Release;
		};
/* End XCBuildConfiguration section */

/* Begin XCConfigurationList section */
		84CBC8332A9FAA5900F4F0ED /* Build configuration list for PBXProject "Hotel Booking" */ = {
			isa = XCConfigurationList;
			buildConfigurations = (
				84CBC84A2A9FAA5A00F4F0ED /* Debug */,
				84CBC84B2A9FAA5A00F4F0ED /* Release */,
			);
			defaultConfigurationIsVisible = 0;
			defaultConfigurationName = Release;
		};
		84CBC84C2A9FAA5A00F4F0ED /* Build configuration list for PBXNativeTarget "Hotel Booking" */ = {
			isa = XCConfigurationList;
			buildConfigurations = (
				84CBC84D2A9FAA5A00F4F0ED /* Debug */,
				84CBC84E2A9FAA5A00F4F0ED /* Release */,
			);
			defaultConfigurationIsVisible = 0;
			defaultConfigurationName = Release;
		};
/* End XCConfigurationList section */

/* Begin XCRemoteSwiftPackageReference section */
		8403DE482AA3AB140076616C /* XCRemoteSwiftPackageReference "TTGTagCollectionView" */ = {
			isa = XCRemoteSwiftPackageReference;
			repositoryURL = "https://github.com/zekunyan/TTGTagCollectionView.git";
			requirement = {
				kind = upToNextMajorVersion;
				minimumVersion = 2.0.0;
			};
		};
		84CBC8532A9FB3A200F4F0ED /* XCRemoteSwiftPackageReference "SnapKit" */ = {
			isa = XCRemoteSwiftPackageReference;
			repositoryURL = "https://github.com/SnapKit/SnapKit.git";
			requirement = {
				kind = upToNextMajorVersion;
				minimumVersion = 5.0.0;
			};
		};
/* End XCRemoteSwiftPackageReference section */

/* Begin XCSwiftPackageProductDependency section */
		8403DE492AA3AB140076616C /* TTGTags */ = {
			isa = XCSwiftPackageProductDependency;
			package = 8403DE482AA3AB140076616C /* XCRemoteSwiftPackageReference "TTGTagCollectionView" */;
			productName = TTGTags;
		};
		84CBC8542A9FB3A200F4F0ED /* SnapKit */ = {
			isa = XCSwiftPackageProductDependency;
			package = 84CBC8532A9FB3A200F4F0ED /* XCRemoteSwiftPackageReference "SnapKit" */;
			productName = SnapKit;
		};
/* End XCSwiftPackageProductDependency section */
	};
	rootObject = 84CBC8302A9FAA5900F4F0ED /* Project object */;
}
